
Microsoft Visual Studio Solution File, Format Version 12.00
# Visual Studio Version 16
VisualStudioVersion = 16.0.30523.141
MinimumVisualStudioVersion = 10.0.40219.1
Project("{FAE04EC0-301F-11D3-BF4B-00C04F79EFBC}") = "CAIGUÍA_EJR6", "CAIGUÍA_EJR6.csproj", "{258BFBE7-238D-4496-8135-ED54958AB63C}"
EndProject
Global
	GlobalSection(SolutionConfigurationPlatforms) = preSolution
		Debug|Any CPU = Debug|Any CPU
		Release|Any CPU = Release|Any CPU
	EndGlobalSection
	GlobalSection(ProjectConfigurationPlatforms) = postSolution
		{258BFBE7-238D-4496-8135-ED54958AB63C}.Debug|Any CPU.ActiveCfg = Debug|Any CPU
		{258BFBE7-238D-4496-8135-ED54958AB63C}.Debug|Any CPU.Build.0 = Debug|Any CPU
		{258BFBE7-238D-4496-8135-ED54958AB63C}.Release|Any CPU.ActiveCfg = Release|Any CPU
		{258BFBE7-238D-4496-8135-ED54958AB63C}.Release|Any CPU.Build.0 = Release|Any CPU
	EndGlobalSection
	GlobalSection(SolutionProperties) = preSolution
		HideSolutionNode = FALSE
	EndGlobalSection
	GlobalSection(ExtensibilityGlobals) = postSolution
		SolutionGuid = {A87B635F-72A2-4B8C-9B23-F3FEEBC0BB85}
	EndGlobalSection
EndGlobal
